# THIS IS AN AUTOGENERATED FILE. DO NOT EDIT THIS FILE DIRECTLY.
# yarn lockfile v1


"@playwright/test@^1.32.1":
  "integrity" "sha512-FTwjCuhlm1qHUGf4hWjfr64UMJD/z0hXYbk+O387Ioe6WdyZQ+0TBDAc6P+pHjx2xCv1VYNgrKbYrNixFWy4Dg=="
  "resolved" "https://registry.npmjs.org/@playwright/test/-/test-1.32.1.tgz"
  "version" "1.32.1"
  dependencies:
    "@types/node" "*"
    "playwright-core" "1.32.1"
  optionalDependencies:
    "fsevents" "2.3.2"

"@types/node@*":
  "integrity" "sha512-9avDaQJczATcXgfmMAW3MIWArOO7A+m90vuCFLr8AotWf8igO/mRoYukrk2cqZVtv38tHs33retzHEilM7FpeQ=="
  "resolved" "https://registry.npmjs.org/@types/node/-/node-18.15.10.tgz"
  "version" "18.15.10"

"fsevents@2.3.2":
  "integrity" "sha512-xiqMQR4xAeHTuB9uWm+fFRcIOgKBMiOBP+eXiyT7jsgVCq1bkVygt00oASowB7EdtpOHaaPgKt812P9ab+DDKA=="
  "resolved" "https://registry.npmjs.org/fsevents/-/fsevents-2.3.2.tgz"
  "version" "2.3.2"

"playwright-core@1.32.1":
  "integrity" "sha512-KZYUQC10mXD2Am1rGlidaalNGYk3LU1vZqqNk0gT4XPty1jOqgup8KDP8l2CUlqoNKhXM5IfGjWgW37xvGllBA=="
  "resolved" "https://registry.npmjs.org/playwright-core/-/playwright-core-1.32.1.tgz"
  "version" "1.32.1"
